
Microsoft Visual Studio Solution File, Format Version 12.00
# Visual Studio 15
VisualStudioVersion = 15.0.27130.2026
MinimumVisualStudioVersion = 10.0.40219.1
Project("{FAE04EC0-301F-11D3-BF4B-00C04F79EFBC}") = "EventAndDelegate", "EventAndDelegate\EventAndDelegate.csproj", "{AE2DE6DA-AC98-4B04-9AEB-E191484D813C}"
EndProject
Global
	GlobalSection(SolutionConfigurationPlatforms) = preSolution
		Debug|Any CPU = Debug|Any CPU
		Release|Any CPU = Release|Any CPU
	EndGlobalSection
	GlobalSection(ProjectConfigurationPlatforms) = postSolution
		{AE2DE6DA-AC98-4B04-9AEB-E191484D813C}.Debug|Any CPU.ActiveCfg = Debug|Any CPU
		{AE2DE6DA-AC98-4B04-9AEB-E191484D813C}.Debug|Any CPU.Build.0 = Debug|Any CPU
		{AE2DE6DA-AC98-4B04-9AEB-E191484D813C}.Release|Any CPU.ActiveCfg = Release|Any CPU
		{AE2DE6DA-AC98-4B04-9AEB-E191484D813C}.Release|Any CPU.Build.0 = Release|Any CPU
	EndGlobalSection
	GlobalSection(SolutionProperties) = preSolution
		HideSolutionNode = FALSE
	EndGlobalSection
	GlobalSection(ExtensibilityGlobals) = postSolution
		SolutionGuid = {8C17B8F8-00E4-40A8-9117-00111FEA2FA2}
	EndGlobalSection
EndGlobal
